
Microsoft Visual Studio Solution File, Format Version 12.00
# Visual Studio Version 16
VisualStudioVersion = 16.0.30128.74
MinimumVisualStudioVersion = 10.0.40219.1
Project("{FAE04EC0-301F-11D3-BF4B-00C04F79EFBC}") = "quanlyquancaphe", "quanlyquancaphe.csproj", "{68F6432A-5EFB-442E-823B-82E67C207ECA}"
EndProject
Global
	GlobalSection(SolutionConfigurationPlatforms) = preSolution
		Debug|Any CPU = Debug|Any CPU
		Release|Any CPU = Release|Any CPU
	EndGlobalSection
	GlobalSection(ProjectConfigurationPlatforms) = postSolution
		{68F6432A-5EFB-442E-823B-82E67C207ECA}.Debug|Any CPU.ActiveCfg = Debug|Any CPU
		{68F6432A-5EFB-442E-823B-82E67C207ECA}.Debug|Any CPU.Build.0 = Debug|Any CPU
		{68F6432A-5EFB-442E-823B-82E67C207ECA}.Release|Any CPU.ActiveCfg = Release|Any CPU
		{68F6432A-5EFB-442E-823B-82E67C207ECA}.Release|Any CPU.Build.0 = Release|Any CPU
	EndGlobalSection
	GlobalSection(SolutionProperties) = preSolution
		HideSolutionNode = FALSE
	EndGlobalSection
	GlobalSection(ExtensibilityGlobals) = postSolution
		SolutionGuid = {7A5D6D05-AC3C-48E6-A7AE-B2C3112BF4A7}
	EndGlobalSection
EndGlobal
